
Microsoft Visual Studio Solution File, Format Version 12.00
# Visual Studio Version 16
VisualStudioVersion = 16.0.30523.141
MinimumVisualStudioVersion = 10.0.40219.1
Project("{FAE04EC0-301F-11D3-BF4B-00C04F79EFBC}") = "ListOfEvenNumbers", "ListOfEvenNumbers\ListOfEvenNumbers.csproj", "{1099942F-8272-4080-92F4-6067810C37BE}"
EndProject
Project("{FAE04EC0-301F-11D3-BF4B-00C04F79EFBC}") = "2. ListOfExtremes", "2. ListOfExtremes\2. ListOfExtremes.csproj", "{48329A76-E85F-4B68-A505-5AEF9089A6D6}"
EndProject
Project("{FAE04EC0-301F-11D3-BF4B-00C04F79EFBC}") = "3.MaximumSequenceOfIdenticalNumbers", "3.MaximumSequenceOfIdenticalNumbers\3.MaximumSequenceOfIdenticalNumbers.csproj", "{D25B0FD2-DE78-4A97-A961-EB5D36B17FB6}"
EndProject
Global
	GlobalSection(SolutionConfigurationPlatforms) = preSolution
		Debug|Any CPU = Debug|Any CPU
		Release|Any CPU = Release|Any CPU
	EndGlobalSection
	GlobalSection(ProjectConfigurationPlatforms) = postSolution
		{1099942F-8272-4080-92F4-6067810C37BE}.Debug|Any CPU.ActiveCfg = Debug|Any CPU
		{1099942F-8272-4080-92F4-6067810C37BE}.Debug|Any CPU.Build.0 = Debug|Any CPU
		{1099942F-8272-4080-92F4-6067810C37BE}.Release|Any CPU.ActiveCfg = Release|Any CPU
		{1099942F-8272-4080-92F4-6067810C37BE}.Release|Any CPU.Build.0 = Release|Any CPU
		{48329A76-E85F-4B68-A505-5AEF9089A6D6}.Debug|Any CPU.ActiveCfg = Debug|Any CPU
		{48329A76-E85F-4B68-A505-5AEF9089A6D6}.Debug|Any CPU.Build.0 = Debug|Any CPU
		{48329A76-E85F-4B68-A505-5AEF9089A6D6}.Release|Any CPU.ActiveCfg = Release|Any CPU
		{48329A76-E85F-4B68-A505-5AEF9089A6D6}.Release|Any CPU.Build.0 = Release|Any CPU
		{D25B0FD2-DE78-4A97-A961-EB5D36B17FB6}.Debug|Any CPU.ActiveCfg = Debug|Any CPU
		{D25B0FD2-DE78-4A97-A961-EB5D36B17FB6}.Debug|Any CPU.Build.0 = Debug|Any CPU
		{D25B0FD2-DE78-4A97-A961-EB5D36B17FB6}.Release|Any CPU.ActiveCfg = Release|Any CPU
		{D25B0FD2-DE78-4A97-A961-EB5D36B17FB6}.Release|Any CPU.Build.0 = Release|Any CPU
	EndGlobalSection
	GlobalSection(SolutionProperties) = preSolution
		HideSolutionNode = FALSE
	EndGlobalSection
	GlobalSection(ExtensibilityGlobals) = postSolution
		SolutionGuid = {2EB2AF6B-A362-4B0F-882B-F605B2DC3508}
	EndGlobalSection
EndGlobal
