
Microsoft Visual Studio Solution File, Format Version 12.00
# Visual Studio Version 16
VisualStudioVersion = 16.0.30523.141
MinimumVisualStudioVersion = 10.0.40219.1
Project("{FAE04EC0-301F-11D3-BF4B-00C04F79EFBC}") = "Max number", "Max number\Max number.csproj", "{D7ED3F59-8588-43E0-BF1F-A48E185E2AED}"
EndProject
Global
	GlobalSection(SolutionConfigurationPlatforms) = preSolution
		Debug|Any CPU = Debug|Any CPU
		Release|Any CPU = Release|Any CPU
	EndGlobalSection
	GlobalSection(ProjectConfigurationPlatforms) = postSolution
		{D7ED3F59-8588-43E0-BF1F-A48E185E2AED}.Debug|Any CPU.ActiveCfg = Debug|Any CPU
		{D7ED3F59-8588-43E0-BF1F-A48E185E2AED}.Debug|Any CPU.Build.0 = Debug|Any CPU
		{D7ED3F59-8588-43E0-BF1F-A48E185E2AED}.Release|Any CPU.ActiveCfg = Release|Any CPU
		{D7ED3F59-8588-43E0-BF1F-A48E185E2AED}.Release|Any CPU.Build.0 = Release|Any CPU
	EndGlobalSection
	GlobalSection(SolutionProperties) = preSolution
		HideSolutionNode = FALSE
	EndGlobalSection
	GlobalSection(ExtensibilityGlobals) = postSolution
		SolutionGuid = {5BDF59AB-67B2-4DAB-82E7-248A3D25E3CD}
	EndGlobalSection
EndGlobal
