
Microsoft Visual Studio Solution File, Format Version 12.00
# Visual Studio Version 17
VisualStudioVersion = 17.2.32630.192
MinimumVisualStudioVersion = 10.0.40219.1
Project("{FAE04EC0-301F-11D3-BF4B-00C04F79EFBC}") = "Number pyramid", "\room309\V_Radeva\11 г\Теодор 25\Циклични алгоритми\Number pyramid\Number pyramid\Number pyramid.csproj", "{AFAA71EB-312C-47B1-979B-1DCE099196DC}"
EndProject
Global
	GlobalSection(SolutionConfigurationPlatforms) = preSolution
		Debug|Any CPU = Debug|Any CPU
		Release|Any CPU = Release|Any CPU
	EndGlobalSection
	GlobalSection(ProjectConfigurationPlatforms) = postSolution
		{AFAA71EB-312C-47B1-979B-1DCE099196DC}.Debug|Any CPU.ActiveCfg = Debug|Any CPU
		{AFAA71EB-312C-47B1-979B-1DCE099196DC}.Debug|Any CPU.Build.0 = Debug|Any CPU
		{AFAA71EB-312C-47B1-979B-1DCE099196DC}.Release|Any CPU.ActiveCfg = Release|Any CPU
		{AFAA71EB-312C-47B1-979B-1DCE099196DC}.Release|Any CPU.Build.0 = Release|Any CPU
	EndGlobalSection
	GlobalSection(SolutionProperties) = preSolution
		HideSolutionNode = FALSE
	EndGlobalSection
	GlobalSection(ExtensibilityGlobals) = postSolution
		SolutionGuid = {8DD42D59-D96F-457F-9E80-E5C9A382FC55}
	EndGlobalSection
EndGlobal
