
Microsoft Visual Studio Solution File, Format Version 12.00
# Visual Studio Version 17
VisualStudioVersion = 17.2.32630.192
MinimumVisualStudioVersion = 10.0.40219.1
Project("{FAE04EC0-301F-11D3-BF4B-00C04F79EFBC}") = "Landscaping yards", "\room309\V_Radeva\11 г\Теодор 25\Линейни изчислителни процеси\Landscaping yards\Landscaping yards\Landscaping yards.csproj", "{2DFA9094-9D8A-4DB3-AC91-66B459321A87}"
EndProject
Global
	GlobalSection(SolutionConfigurationPlatforms) = preSolution
		Debug|Any CPU = Debug|Any CPU
		Release|Any CPU = Release|Any CPU
	EndGlobalSection
	GlobalSection(ProjectConfigurationPlatforms) = postSolution
		{2DFA9094-9D8A-4DB3-AC91-66B459321A87}.Debug|Any CPU.ActiveCfg = Debug|Any CPU
		{2DFA9094-9D8A-4DB3-AC91-66B459321A87}.Debug|Any CPU.Build.0 = Debug|Any CPU
		{2DFA9094-9D8A-4DB3-AC91-66B459321A87}.Release|Any CPU.ActiveCfg = Release|Any CPU
		{2DFA9094-9D8A-4DB3-AC91-66B459321A87}.Release|Any CPU.Build.0 = Release|Any CPU
	EndGlobalSection
	GlobalSection(SolutionProperties) = preSolution
		HideSolutionNode = FALSE
	EndGlobalSection
	GlobalSection(ExtensibilityGlobals) = postSolution
		SolutionGuid = {8C0EDB60-3D04-4F93-A13D-EF901C940C86}
	EndGlobalSection
EndGlobal
