
Microsoft Visual Studio Solution File, Format Version 12.00
# Visual Studio Version 16
VisualStudioVersion = 16.0.30523.141
MinimumVisualStudioVersion = 10.0.40219.1
Project("{FAE04EC0-301F-11D3-BF4B-00C04F79EFBC}") = "Reading words", "Reading words\Reading words.csproj", "{9E314818-47FA-4F93-B0D5-27FA9272B22B}"
EndProject
Global
	GlobalSection(SolutionConfigurationPlatforms) = preSolution
		Debug|Any CPU = Debug|Any CPU
		Release|Any CPU = Release|Any CPU
	EndGlobalSection
	GlobalSection(ProjectConfigurationPlatforms) = postSolution
		{9E314818-47FA-4F93-B0D5-27FA9272B22B}.Debug|Any CPU.ActiveCfg = Debug|Any CPU
		{9E314818-47FA-4F93-B0D5-27FA9272B22B}.Debug|Any CPU.Build.0 = Debug|Any CPU
		{9E314818-47FA-4F93-B0D5-27FA9272B22B}.Release|Any CPU.ActiveCfg = Release|Any CPU
		{9E314818-47FA-4F93-B0D5-27FA9272B22B}.Release|Any CPU.Build.0 = Release|Any CPU
	EndGlobalSection
	GlobalSection(SolutionProperties) = preSolution
		HideSolutionNode = FALSE
	EndGlobalSection
	GlobalSection(ExtensibilityGlobals) = postSolution
		SolutionGuid = {49B79B62-1DCF-4EB1-85D3-2A29815CF11E}
	EndGlobalSection
EndGlobal
