
Microsoft Visual Studio Solution File, Format Version 12.00
# Visual Studio Version 17
VisualStudioVersion = 17.2.32630.192
MinimumVisualStudioVersion = 10.0.40219.1
Project("{FAE04EC0-301F-11D3-BF4B-00C04F79EFBC}") = "Numbers Ending in 7", "\room309\V_Radeva\11 г\Теодор 25\Циклични алгоритми\Numbers Ending in 7\Numbers Ending in 7\Numbers Ending in 7.csproj", "{35F1EFB1-CDCA-42C9-A3B5-191157F15B60}"
EndProject
Global
	GlobalSection(SolutionConfigurationPlatforms) = preSolution
		Debug|Any CPU = Debug|Any CPU
		Release|Any CPU = Release|Any CPU
	EndGlobalSection
	GlobalSection(ProjectConfigurationPlatforms) = postSolution
		{35F1EFB1-CDCA-42C9-A3B5-191157F15B60}.Debug|Any CPU.ActiveCfg = Debug|Any CPU
		{35F1EFB1-CDCA-42C9-A3B5-191157F15B60}.Debug|Any CPU.Build.0 = Debug|Any CPU
		{35F1EFB1-CDCA-42C9-A3B5-191157F15B60}.Release|Any CPU.ActiveCfg = Release|Any CPU
		{35F1EFB1-CDCA-42C9-A3B5-191157F15B60}.Release|Any CPU.Build.0 = Release|Any CPU
	EndGlobalSection
	GlobalSection(SolutionProperties) = preSolution
		HideSolutionNode = FALSE
	EndGlobalSection
	GlobalSection(ExtensibilityGlobals) = postSolution
		SolutionGuid = {805205AF-D096-4EE2-A881-54FD6A5FC28C}
	EndGlobalSection
EndGlobal
