
Microsoft Visual Studio Solution File, Format Version 12.00
# Visual Studio Version 16
VisualStudioVersion = 16.0.30523.141
MinimumVisualStudioVersion = 10.0.40219.1
Project("{FAE04EC0-301F-11D3-BF4B-00C04F79EFBC}") = "Data of an employee", "Data of an employee\Data of an employee.csproj", "{09619C4A-0F72-49EB-9738-27D9DE944BA4}"
EndProject
Global
	GlobalSection(SolutionConfigurationPlatforms) = preSolution
		Debug|Any CPU = Debug|Any CPU
		Release|Any CPU = Release|Any CPU
	EndGlobalSection
	GlobalSection(ProjectConfigurationPlatforms) = postSolution
		{09619C4A-0F72-49EB-9738-27D9DE944BA4}.Debug|Any CPU.ActiveCfg = Debug|Any CPU
		{09619C4A-0F72-49EB-9738-27D9DE944BA4}.Debug|Any CPU.Build.0 = Debug|Any CPU
		{09619C4A-0F72-49EB-9738-27D9DE944BA4}.Release|Any CPU.ActiveCfg = Release|Any CPU
		{09619C4A-0F72-49EB-9738-27D9DE944BA4}.Release|Any CPU.Build.0 = Release|Any CPU
	EndGlobalSection
	GlobalSection(SolutionProperties) = preSolution
		HideSolutionNode = FALSE
	EndGlobalSection
	GlobalSection(ExtensibilityGlobals) = postSolution
		SolutionGuid = {7809CCBA-FCE6-4B4A-9115-57FA3F3D1288}
	EndGlobalSection
EndGlobal
