
Microsoft Visual Studio Solution File, Format Version 12.00
# Visual Studio Version 16
VisualStudioVersion = 16.0.30523.141
MinimumVisualStudioVersion = 10.0.40219.1
Project("{FAE04EC0-301F-11D3-BF4B-00C04F79EFBC}") = "Comparing two numbers", "Comparing two numbers\Comparing two numbers.csproj", "{A2223020-43C7-4FAE-A0F1-74A9252C5F7F}"
EndProject
Global
	GlobalSection(SolutionConfigurationPlatforms) = preSolution
		Debug|Any CPU = Debug|Any CPU
		Release|Any CPU = Release|Any CPU
	EndGlobalSection
	GlobalSection(ProjectConfigurationPlatforms) = postSolution
		{A2223020-43C7-4FAE-A0F1-74A9252C5F7F}.Debug|Any CPU.ActiveCfg = Debug|Any CPU
		{A2223020-43C7-4FAE-A0F1-74A9252C5F7F}.Debug|Any CPU.Build.0 = Debug|Any CPU
		{A2223020-43C7-4FAE-A0F1-74A9252C5F7F}.Release|Any CPU.ActiveCfg = Release|Any CPU
		{A2223020-43C7-4FAE-A0F1-74A9252C5F7F}.Release|Any CPU.Build.0 = Release|Any CPU
	EndGlobalSection
	GlobalSection(SolutionProperties) = preSolution
		HideSolutionNode = FALSE
	EndGlobalSection
	GlobalSection(ExtensibilityGlobals) = postSolution
		SolutionGuid = {0C3DA294-B471-4A74-ABAF-34415B6F8423}
	EndGlobalSection
EndGlobal
