
Microsoft Visual Studio Solution File, Format Version 12.00
# Visual Studio Version 16
VisualStudioVersion = 16.0.30523.141
MinimumVisualStudioVersion = 10.0.40219.1
Project("{FAE04EC0-301F-11D3-BF4B-00C04F79EFBC}") = "Hotel room", "Hotel room\Hotel room.csproj", "{FD9D528B-1815-4A43-A071-D90D9825DF56}"
EndProject
Global
	GlobalSection(SolutionConfigurationPlatforms) = preSolution
		Debug|Any CPU = Debug|Any CPU
		Release|Any CPU = Release|Any CPU
	EndGlobalSection
	GlobalSection(ProjectConfigurationPlatforms) = postSolution
		{FD9D528B-1815-4A43-A071-D90D9825DF56}.Debug|Any CPU.ActiveCfg = Debug|Any CPU
		{FD9D528B-1815-4A43-A071-D90D9825DF56}.Debug|Any CPU.Build.0 = Debug|Any CPU
		{FD9D528B-1815-4A43-A071-D90D9825DF56}.Release|Any CPU.ActiveCfg = Release|Any CPU
		{FD9D528B-1815-4A43-A071-D90D9825DF56}.Release|Any CPU.Build.0 = Release|Any CPU
	EndGlobalSection
	GlobalSection(SolutionProperties) = preSolution
		HideSolutionNode = FALSE
	EndGlobalSection
	GlobalSection(ExtensibilityGlobals) = postSolution
		SolutionGuid = {8D9B328E-FE98-411B-B0DD-7873A3200A2D}
	EndGlobalSection
EndGlobal
