
Microsoft Visual Studio Solution File, Format Version 12.00
# Visual Studio Version 16
VisualStudioVersion = 16.0.30523.141
MinimumVisualStudioVersion = 10.0.40219.1
Project("{FAE04EC0-301F-11D3-BF4B-00C04F79EFBC}") = "Percentage of a sum", "Percentage of a sum\Percentage of a sum.csproj", "{056BFBBE-C0E4-42A8-AB47-7ED450382818}"
EndProject
Global
	GlobalSection(SolutionConfigurationPlatforms) = preSolution
		Debug|Any CPU = Debug|Any CPU
		Release|Any CPU = Release|Any CPU
	EndGlobalSection
	GlobalSection(ProjectConfigurationPlatforms) = postSolution
		{056BFBBE-C0E4-42A8-AB47-7ED450382818}.Debug|Any CPU.ActiveCfg = Debug|Any CPU
		{056BFBBE-C0E4-42A8-AB47-7ED450382818}.Debug|Any CPU.Build.0 = Debug|Any CPU
		{056BFBBE-C0E4-42A8-AB47-7ED450382818}.Release|Any CPU.ActiveCfg = Release|Any CPU
		{056BFBBE-C0E4-42A8-AB47-7ED450382818}.Release|Any CPU.Build.0 = Release|Any CPU
	EndGlobalSection
	GlobalSection(SolutionProperties) = preSolution
		HideSolutionNode = FALSE
	EndGlobalSection
	GlobalSection(ExtensibilityGlobals) = postSolution
		SolutionGuid = {BF1C6B18-964B-4539-8C2E-B9CA8C8B8CBA}
	EndGlobalSection
EndGlobal
