
Microsoft Visual Studio Solution File, Format Version 12.00
# Visual Studio Version 16
VisualStudioVersion = 16.0.30523.141
MinimumVisualStudioVersion = 10.0.40219.1
Project("{FAE04EC0-301F-11D3-BF4B-00C04F79EFBC}") = "Min number", "Min number\Min number.csproj", "{1AB52B1A-4AF2-4566-AC32-290F8E4ECC6E}"
EndProject
Global
	GlobalSection(SolutionConfigurationPlatforms) = preSolution
		Debug|Any CPU = Debug|Any CPU
		Release|Any CPU = Release|Any CPU
	EndGlobalSection
	GlobalSection(ProjectConfigurationPlatforms) = postSolution
		{1AB52B1A-4AF2-4566-AC32-290F8E4ECC6E}.Debug|Any CPU.ActiveCfg = Debug|Any CPU
		{1AB52B1A-4AF2-4566-AC32-290F8E4ECC6E}.Debug|Any CPU.Build.0 = Debug|Any CPU
		{1AB52B1A-4AF2-4566-AC32-290F8E4ECC6E}.Release|Any CPU.ActiveCfg = Release|Any CPU
		{1AB52B1A-4AF2-4566-AC32-290F8E4ECC6E}.Release|Any CPU.Build.0 = Release|Any CPU
	EndGlobalSection
	GlobalSection(SolutionProperties) = preSolution
		HideSolutionNode = FALSE
	EndGlobalSection
	GlobalSection(ExtensibilityGlobals) = postSolution
		SolutionGuid = {DE02E2E3-51D2-411B-BA38-4FBB1458BF29}
	EndGlobalSection
EndGlobal
