
Microsoft Visual Studio Solution File, Format Version 12.00
# Visual Studio Version 17
VisualStudioVersion = 17.2.32630.192
MinimumVisualStudioVersion = 10.0.40219.1
Project("{FAE04EC0-301F-11D3-BF4B-00C04F79EFBC}") = "Cake", "\room309\V_Radeva\11 г\Теодор 25\Циклични алгоритми\Cake\Cake\Cake.csproj", "{3B982362-091C-4922-B880-515D575D4EDA}"
EndProject
Global
	GlobalSection(SolutionConfigurationPlatforms) = preSolution
		Debug|Any CPU = Debug|Any CPU
		Release|Any CPU = Release|Any CPU
	EndGlobalSection
	GlobalSection(ProjectConfigurationPlatforms) = postSolution
		{3B982362-091C-4922-B880-515D575D4EDA}.Debug|Any CPU.ActiveCfg = Debug|Any CPU
		{3B982362-091C-4922-B880-515D575D4EDA}.Debug|Any CPU.Build.0 = Debug|Any CPU
		{3B982362-091C-4922-B880-515D575D4EDA}.Release|Any CPU.ActiveCfg = Release|Any CPU
		{3B982362-091C-4922-B880-515D575D4EDA}.Release|Any CPU.Build.0 = Release|Any CPU
	EndGlobalSection
	GlobalSection(SolutionProperties) = preSolution
		HideSolutionNode = FALSE
	EndGlobalSection
	GlobalSection(ExtensibilityGlobals) = postSolution
		SolutionGuid = {2C6D7A47-7B88-4D9C-86A7-266A2D1B702D}
	EndGlobalSection
EndGlobal
