
Microsoft Visual Studio Solution File, Format Version 12.00
# Visual Studio Version 17
VisualStudioVersion = 17.2.32630.192
MinimumVisualStudioVersion = 10.0.40219.1
Project("{FAE04EC0-301F-11D3-BF4B-00C04F79EFBC}") = "1. Обработка на масив", "\room309\V_Radeva\11 г\Радостин 22\masivi\1. Обработка на масив\1. Обработка на масив\1. Обработка на масив.csproj", "{07CF7BAB-B954-4472-BBA4-798D39895A7F}"
EndProject
Global
	GlobalSection(SolutionConfigurationPlatforms) = preSolution
		Debug|Any CPU = Debug|Any CPU
		Release|Any CPU = Release|Any CPU
	EndGlobalSection
	GlobalSection(ProjectConfigurationPlatforms) = postSolution
		{07CF7BAB-B954-4472-BBA4-798D39895A7F}.Debug|Any CPU.ActiveCfg = Debug|Any CPU
		{07CF7BAB-B954-4472-BBA4-798D39895A7F}.Debug|Any CPU.Build.0 = Debug|Any CPU
		{07CF7BAB-B954-4472-BBA4-798D39895A7F}.Release|Any CPU.ActiveCfg = Release|Any CPU
		{07CF7BAB-B954-4472-BBA4-798D39895A7F}.Release|Any CPU.Build.0 = Release|Any CPU
	EndGlobalSection
	GlobalSection(SolutionProperties) = preSolution
		HideSolutionNode = FALSE
	EndGlobalSection
	GlobalSection(ExtensibilityGlobals) = postSolution
		SolutionGuid = {706C2656-74AF-41AE-B3A0-362B2DFAFBE8}
	EndGlobalSection
EndGlobal
