
Microsoft Visual Studio Solution File, Format Version 12.00
# Visual Studio Version 16
VisualStudioVersion = 16.0.30523.141
MinimumVisualStudioVersion = 10.0.40219.1
Project("{FAE04EC0-301F-11D3-BF4B-00C04F79EFBC}") = "Operations between numbers", "Operations between numbers\Operations between numbers.csproj", "{AE698370-F6EA-467E-9090-33ABBAD3C4AF}"
EndProject
Global
	GlobalSection(SolutionConfigurationPlatforms) = preSolution
		Debug|Any CPU = Debug|Any CPU
		Release|Any CPU = Release|Any CPU
	EndGlobalSection
	GlobalSection(ProjectConfigurationPlatforms) = postSolution
		{AE698370-F6EA-467E-9090-33ABBAD3C4AF}.Debug|Any CPU.ActiveCfg = Debug|Any CPU
		{AE698370-F6EA-467E-9090-33ABBAD3C4AF}.Debug|Any CPU.Build.0 = Debug|Any CPU
		{AE698370-F6EA-467E-9090-33ABBAD3C4AF}.Release|Any CPU.ActiveCfg = Release|Any CPU
		{AE698370-F6EA-467E-9090-33ABBAD3C4AF}.Release|Any CPU.Build.0 = Release|Any CPU
	EndGlobalSection
	GlobalSection(SolutionProperties) = preSolution
		HideSolutionNode = FALSE
	EndGlobalSection
	GlobalSection(ExtensibilityGlobals) = postSolution
		SolutionGuid = {DE82D781-A018-4110-BCE2-0EA3ACB88C09}
	EndGlobalSection
EndGlobal
