
Microsoft Visual Studio Solution File, Format Version 12.00
# Visual Studio Version 16
VisualStudioVersion = 16.0.30523.141
MinimumVisualStudioVersion = 10.0.40219.1
Project("{9A19103F-16F7-4668-BE54-9A1E7A4F7556}") = "1", "1\1.csproj", "{A1D245AF-2730-4EFD-A90C-54D0E46E9071}"
EndProject
Project("{FAE04EC0-301F-11D3-BF4B-00C04F79EFBC}") = "2", "2\2.csproj", "{B49D5882-D25E-4DAD-9218-1DFCEDA109B7}"
EndProject
Project("{FAE04EC0-301F-11D3-BF4B-00C04F79EFBC}") = "3", "3\3.csproj", "{52AF284E-8005-4DCD-B911-FF1DDFB4DEA3}"
EndProject
Project("{FAE04EC0-301F-11D3-BF4B-00C04F79EFBC}") = "4", "4\4.csproj", "{B6362DB0-4A0B-4EF4-9E67-C0D1935B5BF5}"
EndProject
Global
	GlobalSection(SolutionConfigurationPlatforms) = preSolution
		Debug|Any CPU = Debug|Any CPU
		Release|Any CPU = Release|Any CPU
	EndGlobalSection
	GlobalSection(ProjectConfigurationPlatforms) = postSolution
		{A1D245AF-2730-4EFD-A90C-54D0E46E9071}.Debug|Any CPU.ActiveCfg = Debug|Any CPU
		{A1D245AF-2730-4EFD-A90C-54D0E46E9071}.Debug|Any CPU.Build.0 = Debug|Any CPU
		{A1D245AF-2730-4EFD-A90C-54D0E46E9071}.Release|Any CPU.ActiveCfg = Release|Any CPU
		{A1D245AF-2730-4EFD-A90C-54D0E46E9071}.Release|Any CPU.Build.0 = Release|Any CPU
		{B49D5882-D25E-4DAD-9218-1DFCEDA109B7}.Debug|Any CPU.ActiveCfg = Debug|Any CPU
		{B49D5882-D25E-4DAD-9218-1DFCEDA109B7}.Debug|Any CPU.Build.0 = Debug|Any CPU
		{B49D5882-D25E-4DAD-9218-1DFCEDA109B7}.Release|Any CPU.ActiveCfg = Release|Any CPU
		{B49D5882-D25E-4DAD-9218-1DFCEDA109B7}.Release|Any CPU.Build.0 = Release|Any CPU
		{52AF284E-8005-4DCD-B911-FF1DDFB4DEA3}.Debug|Any CPU.ActiveCfg = Debug|Any CPU
		{52AF284E-8005-4DCD-B911-FF1DDFB4DEA3}.Debug|Any CPU.Build.0 = Debug|Any CPU
		{52AF284E-8005-4DCD-B911-FF1DDFB4DEA3}.Release|Any CPU.ActiveCfg = Release|Any CPU
		{52AF284E-8005-4DCD-B911-FF1DDFB4DEA3}.Release|Any CPU.Build.0 = Release|Any CPU
		{B6362DB0-4A0B-4EF4-9E67-C0D1935B5BF5}.Debug|Any CPU.ActiveCfg = Debug|Any CPU
		{B6362DB0-4A0B-4EF4-9E67-C0D1935B5BF5}.Debug|Any CPU.Build.0 = Debug|Any CPU
		{B6362DB0-4A0B-4EF4-9E67-C0D1935B5BF5}.Release|Any CPU.ActiveCfg = Release|Any CPU
		{B6362DB0-4A0B-4EF4-9E67-C0D1935B5BF5}.Release|Any CPU.Build.0 = Release|Any CPU
	EndGlobalSection
	GlobalSection(SolutionProperties) = preSolution
		HideSolutionNode = FALSE
	EndGlobalSection
	GlobalSection(ExtensibilityGlobals) = postSolution
		SolutionGuid = {0F58CC22-88DA-4C46-AD55-6151390CB15F}
	EndGlobalSection
EndGlobal
