
Microsoft Visual Studio Solution File, Format Version 12.00
# Visual Studio Version 17
VisualStudioVersion = 17.2.32630.192
MinimumVisualStudioVersion = 10.0.40219.1
Project("{FAE04EC0-301F-11D3-BF4B-00C04F79EFBC}") = "Zooshop", "\room309\V_Radeva\11 г\Теодор 25\Линейни изчислителни процеси\Zooshop\Zooshop\Zooshop.csproj", "{6104EE8F-85A4-469A-9511-2ED81F504121}"
EndProject
Global
	GlobalSection(SolutionConfigurationPlatforms) = preSolution
		Debug|Any CPU = Debug|Any CPU
		Release|Any CPU = Release|Any CPU
	EndGlobalSection
	GlobalSection(ProjectConfigurationPlatforms) = postSolution
		{6104EE8F-85A4-469A-9511-2ED81F504121}.Debug|Any CPU.ActiveCfg = Debug|Any CPU
		{6104EE8F-85A4-469A-9511-2ED81F504121}.Debug|Any CPU.Build.0 = Debug|Any CPU
		{6104EE8F-85A4-469A-9511-2ED81F504121}.Release|Any CPU.ActiveCfg = Release|Any CPU
		{6104EE8F-85A4-469A-9511-2ED81F504121}.Release|Any CPU.Build.0 = Release|Any CPU
	EndGlobalSection
	GlobalSection(SolutionProperties) = preSolution
		HideSolutionNode = FALSE
	EndGlobalSection
	GlobalSection(ExtensibilityGlobals) = postSolution
		SolutionGuid = {A4EDB3CA-3202-492B-83FE-785E1FBEE193}
	EndGlobalSection
EndGlobal
