
Microsoft Visual Studio Solution File, Format Version 12.00
# Visual Studio Version 16
VisualStudioVersion = 16.0.30523.141
MinimumVisualStudioVersion = 10.0.40219.1
Project("{FAE04EC0-301F-11D3-BF4B-00C04F79EFBC}") = "Password", "Password\Password.csproj", "{51B51736-395A-4DE8-AAF0-1D013B07208B}"
EndProject
Global
	GlobalSection(SolutionConfigurationPlatforms) = preSolution
		Debug|Any CPU = Debug|Any CPU
		Release|Any CPU = Release|Any CPU
	EndGlobalSection
	GlobalSection(ProjectConfigurationPlatforms) = postSolution
		{51B51736-395A-4DE8-AAF0-1D013B07208B}.Debug|Any CPU.ActiveCfg = Debug|Any CPU
		{51B51736-395A-4DE8-AAF0-1D013B07208B}.Debug|Any CPU.Build.0 = Debug|Any CPU
		{51B51736-395A-4DE8-AAF0-1D013B07208B}.Release|Any CPU.ActiveCfg = Release|Any CPU
		{51B51736-395A-4DE8-AAF0-1D013B07208B}.Release|Any CPU.Build.0 = Release|Any CPU
	EndGlobalSection
	GlobalSection(SolutionProperties) = preSolution
		HideSolutionNode = FALSE
	EndGlobalSection
	GlobalSection(ExtensibilityGlobals) = postSolution
		SolutionGuid = {C288CB8B-6221-4BF1-9C58-E6ABAE89A9EA}
	EndGlobalSection
EndGlobal
