
Microsoft Visual Studio Solution File, Format Version 12.00
# Visual Studio Version 17
VisualStudioVersion = 17.8.34525.116
MinimumVisualStudioVersion = 10.0.40219.1
Project("{FAE04EC0-301F-11D3-BF4B-00C04F79EFBC}") = "1. Статистика на масив", "1. Статистика на масив\1. Статистика на масив.csproj", "{CD645BDA-E3AA-49DA-94F9-27DEB03CD3A4}"
EndProject
Global
	GlobalSection(SolutionConfigurationPlatforms) = preSolution
		Debug|Any CPU = Debug|Any CPU
		Release|Any CPU = Release|Any CPU
	EndGlobalSection
	GlobalSection(ProjectConfigurationPlatforms) = postSolution
		{CD645BDA-E3AA-49DA-94F9-27DEB03CD3A4}.Debug|Any CPU.ActiveCfg = Debug|Any CPU
		{CD645BDA-E3AA-49DA-94F9-27DEB03CD3A4}.Debug|Any CPU.Build.0 = Debug|Any CPU
		{CD645BDA-E3AA-49DA-94F9-27DEB03CD3A4}.Release|Any CPU.ActiveCfg = Release|Any CPU
		{CD645BDA-E3AA-49DA-94F9-27DEB03CD3A4}.Release|Any CPU.Build.0 = Release|Any CPU
	EndGlobalSection
	GlobalSection(SolutionProperties) = preSolution
		HideSolutionNode = FALSE
	EndGlobalSection
	GlobalSection(ExtensibilityGlobals) = postSolution
		SolutionGuid = {D6A39D19-B51A-477B-BE73-1FF98D531521}
	EndGlobalSection
EndGlobal
