
Microsoft Visual Studio Solution File, Format Version 12.00
# Visual Studio Version 17
VisualStudioVersion = 17.2.32630.192
MinimumVisualStudioVersion = 10.0.40219.1
Project("{FAE04EC0-301F-11D3-BF4B-00C04F79EFBC}") = "From radians to degrees", "\room309\V_Radeva\11 г\Теодор 25\Линейни изчислителни процеси\From radians to degrees\From radians to degrees\From radians to degrees.csproj", "{BED4A621-2440-4BFB-9656-44CB2836CA72}"
EndProject
Global
	GlobalSection(SolutionConfigurationPlatforms) = preSolution
		Debug|Any CPU = Debug|Any CPU
		Release|Any CPU = Release|Any CPU
	EndGlobalSection
	GlobalSection(ProjectConfigurationPlatforms) = postSolution
		{BED4A621-2440-4BFB-9656-44CB2836CA72}.Debug|Any CPU.ActiveCfg = Debug|Any CPU
		{BED4A621-2440-4BFB-9656-44CB2836CA72}.Debug|Any CPU.Build.0 = Debug|Any CPU
		{BED4A621-2440-4BFB-9656-44CB2836CA72}.Release|Any CPU.ActiveCfg = Release|Any CPU
		{BED4A621-2440-4BFB-9656-44CB2836CA72}.Release|Any CPU.Build.0 = Release|Any CPU
	EndGlobalSection
	GlobalSection(SolutionProperties) = preSolution
		HideSolutionNode = FALSE
	EndGlobalSection
	GlobalSection(ExtensibilityGlobals) = postSolution
		SolutionGuid = {2ACE2614-C934-40AC-A897-432E538AEC05}
	EndGlobalSection
EndGlobal
